
Microsoft Visual Studio Solution File, Format Version 12.00
# Visual Studio Version 17
VisualStudioVersion = 17.0.31903.59
MinimumVisualStudioVersion = 10.0.40219.1
Project("{FAE04EC0-301F-11D3-BF4B-00C04F79EFBC}") = "API", "API\API.csproj", "{3BF5D612-6006-44C4-A297-9E7906C484EB}"
EndProject
Project("{FAE04EC0-301F-11D3-BF4B-00C04F79EFBC}") = "Application", "Application\Application.csproj", "{24DBCADB-8560-4213-AE74-5FE086D98901}"
EndProject
Project("{FAE04EC0-301F-11D3-BF4B-00C04F79EFBC}") = "Domain", "Domain\Domain.csproj", "{D804617B-5166-4FEA-8329-925797657728}"
EndProject
Project("{FAE04EC0-301F-11D3-BF4B-00C04F79EFBC}") = "Persistence", "Persistence\Persistence.csproj", "{7EA47B7D-D765-42BB-BD9F-1C4CFA1C61E8}"
EndProject
Global
	GlobalSection(SolutionConfigurationPlatforms) = preSolution
		Debug|Any CPU = Debug|Any CPU
		Release|Any CPU = Release|Any CPU
	EndGlobalSection
	GlobalSection(SolutionProperties) = preSolution
		HideSolutionNode = FALSE
	EndGlobalSection
	GlobalSection(ProjectConfigurationPlatforms) = postSolution
		{3BF5D612-6006-44C4-A297-9E7906C484EB}.Debug|Any CPU.ActiveCfg = Debug|Any CPU
		{3BF5D612-6006-44C4-A297-9E7906C484EB}.Debug|Any CPU.Build.0 = Debug|Any CPU
		{3BF5D612-6006-44C4-A297-9E7906C484EB}.Release|Any CPU.ActiveCfg = Release|Any CPU
		{3BF5D612-6006-44C4-A297-9E7906C484EB}.Release|Any CPU.Build.0 = Release|Any CPU
		{24DBCADB-8560-4213-AE74-5FE086D98901}.Debug|Any CPU.ActiveCfg = Debug|Any CPU
		{24DBCADB-8560-4213-AE74-5FE086D98901}.Debug|Any CPU.Build.0 = Debug|Any CPU
		{24DBCADB-8560-4213-AE74-5FE086D98901}.Release|Any CPU.ActiveCfg = Release|Any CPU
		{24DBCADB-8560-4213-AE74-5FE086D98901}.Release|Any CPU.Build.0 = Release|Any CPU
		{D804617B-5166-4FEA-8329-925797657728}.Debug|Any CPU.ActiveCfg = Debug|Any CPU
		{D804617B-5166-4FEA-8329-925797657728}.Debug|Any CPU.Build.0 = Debug|Any CPU
		{D804617B-5166-4FEA-8329-925797657728}.Release|Any CPU.ActiveCfg = Release|Any CPU
		{D804617B-5166-4FEA-8329-925797657728}.Release|Any CPU.Build.0 = Release|Any CPU
		{7EA47B7D-D765-42BB-BD9F-1C4CFA1C61E8}.Debug|Any CPU.ActiveCfg = Debug|Any CPU
		{7EA47B7D-D765-42BB-BD9F-1C4CFA1C61E8}.Debug|Any CPU.Build.0 = Debug|Any CPU
		{7EA47B7D-D765-42BB-BD9F-1C4CFA1C61E8}.Release|Any CPU.ActiveCfg = Release|Any CPU
		{7EA47B7D-D765-42BB-BD9F-1C4CFA1C61E8}.Release|Any CPU.Build.0 = Release|Any CPU
	EndGlobalSection
EndGlobal
